
Microsoft Visual Studio Solution File, Format Version 12.00
# Visual Studio 15
VisualStudioVersion = 15.0.27703.2035
MinimumVisualStudioVersion = 10.0.40219.1
Project("{FAE04EC0-301F-11D3-BF4B-00C04F79EFBC}") = "Assignment2Arndt", "Assignment2Arndt\Assignment2Arndt.csproj", "{578965FB-2B44-457D-8F6F-6654EAFBF713}"
EndProject
Project("{FAE04EC0-301F-11D3-BF4B-00C04F79EFBC}") = "Utilities", "Utilities\Utilities.csproj", "{97BFEE3F-B8AD-4EC6-A0AC-C727AF3980DC}"
EndProject
Project("{FAE04EC0-301F-11D3-BF4B-00C04F79EFBC}") = "CoffeeShopLibrary", "CoffeeShopLibrary\CoffeeShopLibrary.csproj", "{81958705-E597-4AE6-BAED-533F0BDE9754}"
EndProject
Global
	GlobalSection(SolutionConfigurationPlatforms) = preSolution
		Debug|Any CPU = Debug|Any CPU
		Release|Any CPU = Release|Any CPU
	EndGlobalSection
	GlobalSection(ProjectConfigurationPlatforms) = postSolution
		{578965FB-2B44-457D-8F6F-6654EAFBF713}.Debug|Any CPU.ActiveCfg = Debug|Any CPU
		{578965FB-2B44-457D-8F6F-6654EAFBF713}.Debug|Any CPU.Build.0 = Debug|Any CPU
		{578965FB-2B44-457D-8F6F-6654EAFBF713}.Release|Any CPU.ActiveCfg = Release|Any CPU
		{578965FB-2B44-457D-8F6F-6654EAFBF713}.Release|Any CPU.Build.0 = Release|Any CPU
		{97BFEE3F-B8AD-4EC6-A0AC-C727AF3980DC}.Debug|Any CPU.ActiveCfg = Debug|Any CPU
		{97BFEE3F-B8AD-4EC6-A0AC-C727AF3980DC}.Debug|Any CPU.Build.0 = Debug|Any CPU
		{97BFEE3F-B8AD-4EC6-A0AC-C727AF3980DC}.Release|Any CPU.ActiveCfg = Release|Any CPU
		{97BFEE3F-B8AD-4EC6-A0AC-C727AF3980DC}.Release|Any CPU.Build.0 = Release|Any CPU
		{81958705-E597-4AE6-BAED-533F0BDE9754}.Debug|Any CPU.ActiveCfg = Debug|Any CPU
		{81958705-E597-4AE6-BAED-533F0BDE9754}.Debug|Any CPU.Build.0 = Debug|Any CPU
		{81958705-E597-4AE6-BAED-533F0BDE9754}.Release|Any CPU.ActiveCfg = Release|Any CPU
		{81958705-E597-4AE6-BAED-533F0BDE9754}.Release|Any CPU.Build.0 = Release|Any CPU
	EndGlobalSection
	GlobalSection(SolutionProperties) = preSolution
		HideSolutionNode = FALSE
	EndGlobalSection
	GlobalSection(ExtensibilityGlobals) = postSolution
		SolutionGuid = {698D483B-3968-4954-9597-F005B8B60088}
	EndGlobalSection
EndGlobal
